dependencies:
  espressif/esp-dsp:
    component_hash: a9a1e516033ce2ea63e6286cc227d8ecb87769d628dcc6394b4e024311ac64b9
    source:
      service_url: https://api.components.espressif.com/
      type: service
    version: 1.3.0
  idf:
    component_hash: null
    source:
      type: idf
    version: 4.4.4
manifest_hash: c71518b56443b4fba8538fb227a42d346f06334ad8bc641869129f06397b2054
target: esp32s3
version: 1.0.0
